
Microsoft Visual Studio Solution File, Format Version 12.00
# Visual Studio Version 17
VisualStudioVersion = 17.8.34330.188
MinimumVisualStudioVersion = 10.0.40219.1
Project("{FAE04EC0-301F-11D3-BF4B-00C04F79EFBC}") = "PortalAboutEverything", "PortalAboutEverything\PortalAboutEverything.csproj", "{6A53A2C7-5267-4A18-8D9E-0B20662A1784}"
EndProject
Global
	GlobalSection(SolutionConfigurationPlatforms) = preSolution
		Debug|Any CPU = Debug|Any CPU
		Release|Any CPU = Release|Any CPU
	EndGlobalSection
	GlobalSection(ProjectConfigurationPlatforms) = postSolution
		{6A53A2C7-5267-4A18-8D9E-0B20662A1784}.Debug|Any CPU.ActiveCfg = Debug|Any CPU
		{6A53A2C7-5267-4A18-8D9E-0B20662A1784}.Debug|Any CPU.Build.0 = Debug|Any CPU
		{6A53A2C7-5267-4A18-8D9E-0B20662A1784}.Release|Any CPU.ActiveCfg = Release|Any CPU
		{6A53A2C7-5267-4A18-8D9E-0B20662A1784}.Release|Any CPU.Build.0 = Release|Any CPU
	EndGlobalSection
	GlobalSection(SolutionProperties) = preSolution
		HideSolutionNode = FALSE
	EndGlobalSection
	GlobalSection(ExtensibilityGlobals) = postSolution
		SolutionGuid = {C2130B33-A03E-4FDE-888C-728A49190742}
	EndGlobalSection
EndGlobal
